
Microsoft Visual Studio Solution File, Format Version 12.00
Project("{2150E333-8FDC-42A3-9474-1A3956D46DE8}") = "src", "src", "{4005E74A-7846-4165-A8EE-0FEB6B5846CE}"
EndProject
Project("{2150E333-8FDC-42A3-9474-1A3956D46DE8}") = "Orchestration", "Orchestration", "{8917864D-373F-4119-A145-3FF2AA573E03}"
EndProject
Project("{2150E333-8FDC-42A3-9474-1A3956D46DE8}") = "Services", "Services", "{D81374C3-6177-4FEA-9793-FEC8B3978F9E}"
EndProject
Project("{FAE04EC0-301F-11D3-BF4B-00C04F79EFBC}") = "Test.ServiceDefaults", "src\Orchestration\Test.ServiceDefaults\Test.ServiceDefaults.csproj", "{227E3AAB-4A0E-4874-A5D8-DDBA914F9154}"
EndProject
Project("{FAE04EC0-301F-11D3-BF4B-00C04F79EFBC}") = "Test.AppHost", "src\Orchestration\Test.AppHost\Test.AppHost.csproj", "{C0B75D11-E525-464C-9F85-28C04B6CBD76}"
EndProject
Project("{FAE04EC0-301F-11D3-BF4B-00C04F79EFBC}") = "Test.Idp", "src\Services\Test.Idp\Test.Idp.csproj", "{C8E84AA8-C073-415B-A94E-C9BC44361C1B}"
EndProject
Project("{FAE04EC0-301F-11D3-BF4B-00C04F79EFBC}") = "Test.Web", "src\Services\Test.Web\Test.Web.csproj", "{E2A0D234-E115-4A0E-BAFC-16CC76857D2E}"
EndProject
Project("{FAE04EC0-301F-11D3-BF4B-00C04F79EFBC}") = "Test.Api", "src\Services\Api\Test.Api\Test.Api.csproj", "{20ABAA21-9292-400B-AA40-88F289BB9E2D}"
EndProject
Project("{FAE04EC0-301F-11D3-BF4B-00C04F79EFBC}") = "Test.Web.Client", "src\Services\Test.Web.Client\Test.Web.Client.csproj", "{72CA3666-946D-4C07-8DBD-6E3D1218A80F}"
EndProject
Project("{2150E333-8FDC-42A3-9474-1A3956D46DE8}") = "Api", "Api", "{8AEDEEC7-04D3-44D6-B3AC-BE78BBBC02CD}"
EndProject
Project("{2150E333-8FDC-42A3-9474-1A3956D46DE8}") = "Common", "Common", "{9806DE27-83E8-4620-B3F7-696D4E0FD3B8}"
EndProject
Project("{2150E333-8FDC-42A3-9474-1A3956D46DE8}") = "Modules", "Modules", "{7AAD591E-6D36-472B-B67A-80515D1686FB}"
EndProject
Project("{FAE04EC0-301F-11D3-BF4B-00C04F79EFBC}") = "Test.Api.Common.Domain", "src\Services\Api\Common\Test.Api.Common.Domain\Test.Api.Common.Domain.csproj", "{6F3E2213-FA99-436F-9C33-5E9C124C7988}"
EndProject
Project("{FAE04EC0-301F-11D3-BF4B-00C04F79EFBC}") = "Test.Api.Common.Application", "src\Services\Api\Common\Test.Api.Common.Application\Test.Api.Common.Application.csproj", "{FF5056F0-C6CD-49EC-AC38-C9C671A55BE7}"
EndProject
Global
	GlobalSection(SolutionConfigurationPlatforms) = preSolution
		Debug|Any CPU = Debug|Any CPU
		Release|Any CPU = Release|Any CPU
	EndGlobalSection
	GlobalSection(NestedProjects) = preSolution
		{8917864D-373F-4119-A145-3FF2AA573E03} = {4005E74A-7846-4165-A8EE-0FEB6B5846CE}
		{D81374C3-6177-4FEA-9793-FEC8B3978F9E} = {4005E74A-7846-4165-A8EE-0FEB6B5846CE}
		{227E3AAB-4A0E-4874-A5D8-DDBA914F9154} = {8917864D-373F-4119-A145-3FF2AA573E03}
		{C0B75D11-E525-464C-9F85-28C04B6CBD76} = {8917864D-373F-4119-A145-3FF2AA573E03}
		{C8E84AA8-C073-415B-A94E-C9BC44361C1B} = {D81374C3-6177-4FEA-9793-FEC8B3978F9E}
		{E2A0D234-E115-4A0E-BAFC-16CC76857D2E} = {D81374C3-6177-4FEA-9793-FEC8B3978F9E}
		{72CA3666-946D-4C07-8DBD-6E3D1218A80F} = {D81374C3-6177-4FEA-9793-FEC8B3978F9E}
		{8AEDEEC7-04D3-44D6-B3AC-BE78BBBC02CD} = {D81374C3-6177-4FEA-9793-FEC8B3978F9E}
		{20ABAA21-9292-400B-AA40-88F289BB9E2D} = {8AEDEEC7-04D3-44D6-B3AC-BE78BBBC02CD}
		{9806DE27-83E8-4620-B3F7-696D4E0FD3B8} = {8AEDEEC7-04D3-44D6-B3AC-BE78BBBC02CD}
		{7AAD591E-6D36-472B-B67A-80515D1686FB} = {8AEDEEC7-04D3-44D6-B3AC-BE78BBBC02CD}
		{6F3E2213-FA99-436F-9C33-5E9C124C7988} = {9806DE27-83E8-4620-B3F7-696D4E0FD3B8}
		{FF5056F0-C6CD-49EC-AC38-C9C671A55BE7} = {9806DE27-83E8-4620-B3F7-696D4E0FD3B8}
	EndGlobalSection
	GlobalSection(ProjectConfigurationPlatforms) = postSolution
		{227E3AAB-4A0E-4874-A5D8-DDBA914F9154}.Debug|Any CPU.ActiveCfg = Debug|Any CPU
		{227E3AAB-4A0E-4874-A5D8-DDBA914F9154}.Debug|Any CPU.Build.0 = Debug|Any CPU
		{227E3AAB-4A0E-4874-A5D8-DDBA914F9154}.Release|Any CPU.ActiveCfg = Release|Any CPU
		{227E3AAB-4A0E-4874-A5D8-DDBA914F9154}.Release|Any CPU.Build.0 = Release|Any CPU
		{C0B75D11-E525-464C-9F85-28C04B6CBD76}.Debug|Any CPU.ActiveCfg = Debug|Any CPU
		{C0B75D11-E525-464C-9F85-28C04B6CBD76}.Debug|Any CPU.Build.0 = Debug|Any CPU
		{C0B75D11-E525-464C-9F85-28C04B6CBD76}.Release|Any CPU.ActiveCfg = Release|Any CPU
		{C0B75D11-E525-464C-9F85-28C04B6CBD76}.Release|Any CPU.Build.0 = Release|Any CPU
		{C8E84AA8-C073-415B-A94E-C9BC44361C1B}.Debug|Any CPU.ActiveCfg = Debug|Any CPU
		{C8E84AA8-C073-415B-A94E-C9BC44361C1B}.Debug|Any CPU.Build.0 = Debug|Any CPU
		{C8E84AA8-C073-415B-A94E-C9BC44361C1B}.Release|Any CPU.ActiveCfg = Release|Any CPU
		{C8E84AA8-C073-415B-A94E-C9BC44361C1B}.Release|Any CPU.Build.0 = Release|Any CPU
		{E2A0D234-E115-4A0E-BAFC-16CC76857D2E}.Debug|Any CPU.ActiveCfg = Debug|Any CPU
		{E2A0D234-E115-4A0E-BAFC-16CC76857D2E}.Debug|Any CPU.Build.0 = Debug|Any CPU
		{E2A0D234-E115-4A0E-BAFC-16CC76857D2E}.Release|Any CPU.ActiveCfg = Release|Any CPU
		{E2A0D234-E115-4A0E-BAFC-16CC76857D2E}.Release|Any CPU.Build.0 = Release|Any CPU
		{20ABAA21-9292-400B-AA40-88F289BB9E2D}.Debug|Any CPU.ActiveCfg = Debug|Any CPU
		{20ABAA21-9292-400B-AA40-88F289BB9E2D}.Debug|Any CPU.Build.0 = Debug|Any CPU
		{20ABAA21-9292-400B-AA40-88F289BB9E2D}.Release|Any CPU.ActiveCfg = Release|Any CPU
		{20ABAA21-9292-400B-AA40-88F289BB9E2D}.Release|Any CPU.Build.0 = Release|Any CPU
		{72CA3666-946D-4C07-8DBD-6E3D1218A80F}.Debug|Any CPU.ActiveCfg = Debug|Any CPU
		{72CA3666-946D-4C07-8DBD-6E3D1218A80F}.Debug|Any CPU.Build.0 = Debug|Any CPU
		{72CA3666-946D-4C07-8DBD-6E3D1218A80F}.Release|Any CPU.ActiveCfg = Release|Any CPU
		{72CA3666-946D-4C07-8DBD-6E3D1218A80F}.Release|Any CPU.Build.0 = Release|Any CPU
		{6F3E2213-FA99-436F-9C33-5E9C124C7988}.Debug|Any CPU.ActiveCfg = Debug|Any CPU
		{6F3E2213-FA99-436F-9C33-5E9C124C7988}.Debug|Any CPU.Build.0 = Debug|Any CPU
		{6F3E2213-FA99-436F-9C33-5E9C124C7988}.Release|Any CPU.ActiveCfg = Release|Any CPU
		{6F3E2213-FA99-436F-9C33-5E9C124C7988}.Release|Any CPU.Build.0 = Release|Any CPU
		{FF5056F0-C6CD-49EC-AC38-C9C671A55BE7}.Debug|Any CPU.ActiveCfg = Debug|Any CPU
		{FF5056F0-C6CD-49EC-AC38-C9C671A55BE7}.Debug|Any CPU.Build.0 = Debug|Any CPU
		{FF5056F0-C6CD-49EC-AC38-C9C671A55BE7}.Release|Any CPU.ActiveCfg = Release|Any CPU
		{FF5056F0-C6CD-49EC-AC38-C9C671A55BE7}.Release|Any CPU.Build.0 = Release|Any CPU
	EndGlobalSection
EndGlobal
